
Microsoft Visual Studio Solution File, Format Version 12.00
# Visual Studio 15
VisualStudioVersion = 15.0.26124.0
MinimumVisualStudioVersion = 15.0.26124.0
Project("{2150E333-8FDC-42A3-9474-1A3956D46DE8}") = "src", "src", "{3FB2A779-0CF7-4014-AFF3-AF1F1A199AB5}"
EndProject
Project("{2150E333-8FDC-42A3-9474-1A3956D46DE8}") = "test", "test", "{AB696C70-0E67-450C-B975-82DFC8CDD9A7}"
EndProject
Project("{9A19103F-16F7-4668-BE54-9A1E7A4F7556}") = "BlazorMaterial.Base", "src\BlazorMaterial.Base\BlazorMaterial.Base.csproj", "{E474734E-A050-4414-8B3F-364830D7E40C}"
EndProject
Project("{9A19103F-16F7-4668-BE54-9A1E7A4F7556}") = "BlazorMaterial.Ripple", "src\BlazorMaterial.Ripple\BlazorMaterial.Ripple.csproj", "{6C9CC663-9C82-465D-BC5F-36EE3FB2BC93}"
EndProject
Project("{9A19103F-16F7-4668-BE54-9A1E7A4F7556}") = "BlazorMaterial.Button", "src\BlazorMaterial.Button\BlazorMaterial.Button.csproj", "{8D30231E-0B08-4C86-930C-66485E38B6A5}"
EndProject
Project("{9A19103F-16F7-4668-BE54-9A1E7A4F7556}") = "BlazorMaterial.Theme", "src\BlazorMaterial.Theme\BlazorMaterial.Theme.csproj", "{0AF63B13-6D3A-4BF4-9B57-614B35399D80}"
EndProject
Project("{9A19103F-16F7-4668-BE54-9A1E7A4F7556}") = "BlazorMaterial.Typography", "src\BlazorMaterial.Typography\BlazorMaterial.Typography.csproj", "{36B270CD-1DAD-4361-9BE8-C3D966FDC929}"
EndProject
Project("{9A19103F-16F7-4668-BE54-9A1E7A4F7556}") = "BlazorMaterial.Lists", "src\BlazorMaterial.Lists\BlazorMaterial.Lists.csproj", "{516B0D18-B688-44AF-B288-92351DC11429}"
EndProject
Project("{9A19103F-16F7-4668-BE54-9A1E7A4F7556}") = "BlazorMaterial.TopAppBar", "src\BlazorMaterial.TopAppBar\BlazorMaterial.TopAppBar.csproj", "{D0186DC5-ECA5-4E51-BBE7-9AECC7086DB6}"
EndProject
Project("{9A19103F-16F7-4668-BE54-9A1E7A4F7556}") = "BlazorMaterial.Drawer", "src\BlazorMaterial.Drawer\BlazorMaterial.Drawer.csproj", "{65079F99-9F96-4DA9-84C9-CC8C67E02C65}"
EndProject
Project("{FAE04EC0-301F-11D3-BF4B-00C04F79EFBC}") = "BlazorMaterial.Test", "test\BlazorMaterial.Test\BlazorMaterial.Test.csproj", "{51F248A8-76D3-4F94-BB74-B240E5A1CDF1}"
EndProject
Global
	GlobalSection(SolutionConfigurationPlatforms) = preSolution
		Debug|Any CPU = Debug|Any CPU
		Debug|x64 = Debug|x64
		Debug|x86 = Debug|x86
		Release|Any CPU = Release|Any CPU
		Release|x64 = Release|x64
		Release|x86 = Release|x86
	EndGlobalSection
	GlobalSection(ProjectConfigurationPlatforms) = postSolution
		{E474734E-A050-4414-8B3F-364830D7E40C}.Debug|Any CPU.ActiveCfg = Debug|Any CPU
		{E474734E-A050-4414-8B3F-364830D7E40C}.Debug|Any CPU.Build.0 = Debug|Any CPU
		{E474734E-A050-4414-8B3F-364830D7E40C}.Debug|x64.ActiveCfg = Debug|Any CPU
		{E474734E-A050-4414-8B3F-364830D7E40C}.Debug|x64.Build.0 = Debug|Any CPU
		{E474734E-A050-4414-8B3F-364830D7E40C}.Debug|x86.ActiveCfg = Debug|Any CPU
		{E474734E-A050-4414-8B3F-364830D7E40C}.Debug|x86.Build.0 = Debug|Any CPU
		{E474734E-A050-4414-8B3F-364830D7E40C}.Release|Any CPU.ActiveCfg = Release|Any CPU
		{E474734E-A050-4414-8B3F-364830D7E40C}.Release|Any CPU.Build.0 = Release|Any CPU
		{E474734E-A050-4414-8B3F-364830D7E40C}.Release|x64.ActiveCfg = Release|Any CPU
		{E474734E-A050-4414-8B3F-364830D7E40C}.Release|x64.Build.0 = Release|Any CPU
		{E474734E-A050-4414-8B3F-364830D7E40C}.Release|x86.ActiveCfg = Release|Any CPU
		{E474734E-A050-4414-8B3F-364830D7E40C}.Release|x86.Build.0 = Release|Any CPU
		{6C9CC663-9C82-465D-BC5F-36EE3FB2BC93}.Debug|Any CPU.ActiveCfg = Debug|Any CPU
		{6C9CC663-9C82-465D-BC5F-36EE3FB2BC93}.Debug|Any CPU.Build.0 = Debug|Any CPU
		{6C9CC663-9C82-465D-BC5F-36EE3FB2BC93}.Debug|x64.ActiveCfg = Debug|Any CPU
		{6C9CC663-9C82-465D-BC5F-36EE3FB2BC93}.Debug|x64.Build.0 = Debug|Any CPU
		{6C9CC663-9C82-465D-BC5F-36EE3FB2BC93}.Debug|x86.ActiveCfg = Debug|Any CPU
		{6C9CC663-9C82-465D-BC5F-36EE3FB2BC93}.Debug|x86.Build.0 = Debug|Any CPU
		{6C9CC663-9C82-465D-BC5F-36EE3FB2BC93}.Release|Any CPU.ActiveCfg = Release|Any CPU
		{6C9CC663-9C82-465D-BC5F-36EE3FB2BC93}.Release|Any CPU.Build.0 = Release|Any CPU
		{6C9CC663-9C82-465D-BC5F-36EE3FB2BC93}.Release|x64.ActiveCfg = Release|Any CPU
		{6C9CC663-9C82-465D-BC5F-36EE3FB2BC93}.Release|x64.Build.0 = Release|Any CPU
		{6C9CC663-9C82-465D-BC5F-36EE3FB2BC93}.Release|x86.ActiveCfg = Release|Any CPU
		{6C9CC663-9C82-465D-BC5F-36EE3FB2BC93}.Release|x86.Build.0 = Release|Any CPU
		{8D30231E-0B08-4C86-930C-66485E38B6A5}.Debug|Any CPU.ActiveCfg = Debug|Any CPU
		{8D30231E-0B08-4C86-930C-66485E38B6A5}.Debug|Any CPU.Build.0 = Debug|Any CPU
		{8D30231E-0B08-4C86-930C-66485E38B6A5}.Debug|x64.ActiveCfg = Debug|Any CPU
		{8D30231E-0B08-4C86-930C-66485E38B6A5}.Debug|x64.Build.0 = Debug|Any CPU
		{8D30231E-0B08-4C86-930C-66485E38B6A5}.Debug|x86.ActiveCfg = Debug|Any CPU
		{8D30231E-0B08-4C86-930C-66485E38B6A5}.Debug|x86.Build.0 = Debug|Any CPU
		{8D30231E-0B08-4C86-930C-66485E38B6A5}.Release|Any CPU.ActiveCfg = Release|Any CPU
		{8D30231E-0B08-4C86-930C-66485E38B6A5}.Release|Any CPU.Build.0 = Release|Any CPU
		{8D30231E-0B08-4C86-930C-66485E38B6A5}.Release|x64.ActiveCfg = Release|Any CPU
		{8D30231E-0B08-4C86-930C-66485E38B6A5}.Release|x64.Build.0 = Release|Any CPU
		{8D30231E-0B08-4C86-930C-66485E38B6A5}.Release|x86.ActiveCfg = Release|Any CPU
		{8D30231E-0B08-4C86-930C-66485E38B6A5}.Release|x86.Build.0 = Release|Any CPU
		{0AF63B13-6D3A-4BF4-9B57-614B35399D80}.Debug|Any CPU.ActiveCfg = Debug|Any CPU
		{0AF63B13-6D3A-4BF4-9B57-614B35399D80}.Debug|Any CPU.Build.0 = Debug|Any CPU
		{0AF63B13-6D3A-4BF4-9B57-614B35399D80}.Debug|x64.ActiveCfg = Debug|Any CPU
		{0AF63B13-6D3A-4BF4-9B57-614B35399D80}.Debug|x64.Build.0 = Debug|Any CPU
		{0AF63B13-6D3A-4BF4-9B57-614B35399D80}.Debug|x86.ActiveCfg = Debug|Any CPU
		{0AF63B13-6D3A-4BF4-9B57-614B35399D80}.Debug|x86.Build.0 = Debug|Any CPU
		{0AF63B13-6D3A-4BF4-9B57-614B35399D80}.Release|Any CPU.ActiveCfg = Release|Any CPU
		{0AF63B13-6D3A-4BF4-9B57-614B35399D80}.Release|Any CPU.Build.0 = Release|Any CPU
		{0AF63B13-6D3A-4BF4-9B57-614B35399D80}.Release|x64.ActiveCfg = Release|Any CPU
		{0AF63B13-6D3A-4BF4-9B57-614B35399D80}.Release|x64.Build.0 = Release|Any CPU
		{0AF63B13-6D3A-4BF4-9B57-614B35399D80}.Release|x86.ActiveCfg = Release|Any CPU
		{0AF63B13-6D3A-4BF4-9B57-614B35399D80}.Release|x86.Build.0 = Release|Any CPU
		{36B270CD-1DAD-4361-9BE8-C3D966FDC929}.Debug|Any CPU.ActiveCfg = Debug|Any CPU
		{36B270CD-1DAD-4361-9BE8-C3D966FDC929}.Debug|Any CPU.Build.0 = Debug|Any CPU
		{36B270CD-1DAD-4361-9BE8-C3D966FDC929}.Debug|x64.ActiveCfg = Debug|Any CPU
		{36B270CD-1DAD-4361-9BE8-C3D966FDC929}.Debug|x64.Build.0 = Debug|Any CPU
		{36B270CD-1DAD-4361-9BE8-C3D966FDC929}.Debug|x86.ActiveCfg = Debug|Any CPU
		{36B270CD-1DAD-4361-9BE8-C3D966FDC929}.Debug|x86.Build.0 = Debug|Any CPU
		{36B270CD-1DAD-4361-9BE8-C3D966FDC929}.Release|Any CPU.ActiveCfg = Release|Any CPU
		{36B270CD-1DAD-4361-9BE8-C3D966FDC929}.Release|Any CPU.Build.0 = Release|Any CPU
		{36B270CD-1DAD-4361-9BE8-C3D966FDC929}.Release|x64.ActiveCfg = Release|Any CPU
		{36B270CD-1DAD-4361-9BE8-C3D966FDC929}.Release|x64.Build.0 = Release|Any CPU
		{36B270CD-1DAD-4361-9BE8-C3D966FDC929}.Release|x86.ActiveCfg = Release|Any CPU
		{36B270CD-1DAD-4361-9BE8-C3D966FDC929}.Release|x86.Build.0 = Release|Any CPU
		{516B0D18-B688-44AF-B288-92351DC11429}.Debug|Any CPU.ActiveCfg = Debug|Any CPU
		{516B0D18-B688-44AF-B288-92351DC11429}.Debug|Any CPU.Build.0 = Debug|Any CPU
		{516B0D18-B688-44AF-B288-92351DC11429}.Debug|x64.ActiveCfg = Debug|Any CPU
		{516B0D18-B688-44AF-B288-92351DC11429}.Debug|x64.Build.0 = Debug|Any CPU
		{516B0D18-B688-44AF-B288-92351DC11429}.Debug|x86.ActiveCfg = Debug|Any CPU
		{516B0D18-B688-44AF-B288-92351DC11429}.Debug|x86.Build.0 = Debug|Any CPU
		{516B0D18-B688-44AF-B288-92351DC11429}.Release|Any CPU.ActiveCfg = Release|Any CPU
		{516B0D18-B688-44AF-B288-92351DC11429}.Release|Any CPU.Build.0 = Release|Any CPU
		{516B0D18-B688-44AF-B288-92351DC11429}.Release|x64.ActiveCfg = Release|Any CPU
		{516B0D18-B688-44AF-B288-92351DC11429}.Release|x64.Build.0 = Release|Any CPU
		{516B0D18-B688-44AF-B288-92351DC11429}.Release|x86.ActiveCfg = Release|Any CPU
		{516B0D18-B688-44AF-B288-92351DC11429}.Release|x86.Build.0 = Release|Any CPU
		{D0186DC5-ECA5-4E51-BBE7-9AECC7086DB6}.Debug|Any CPU.ActiveCfg = Debug|Any CPU
		{D0186DC5-ECA5-4E51-BBE7-9AECC7086DB6}.Debug|Any CPU.Build.0 = Debug|Any CPU
		{D0186DC5-ECA5-4E51-BBE7-9AECC7086DB6}.Debug|x64.ActiveCfg = Debug|Any CPU
		{D0186DC5-ECA5-4E51-BBE7-9AECC7086DB6}.Debug|x64.Build.0 = Debug|Any CPU
		{D0186DC5-ECA5-4E51-BBE7-9AECC7086DB6}.Debug|x86.ActiveCfg = Debug|Any CPU
		{D0186DC5-ECA5-4E51-BBE7-9AECC7086DB6}.Debug|x86.Build.0 = Debug|Any CPU
		{D0186DC5-ECA5-4E51-BBE7-9AECC7086DB6}.Release|Any CPU.ActiveCfg = Release|Any CPU
		{D0186DC5-ECA5-4E51-BBE7-9AECC7086DB6}.Release|Any CPU.Build.0 = Release|Any CPU
		{D0186DC5-ECA5-4E51-BBE7-9AECC7086DB6}.Release|x64.ActiveCfg = Release|Any CPU
		{D0186DC5-ECA5-4E51-BBE7-9AECC7086DB6}.Release|x64.Build.0 = Release|Any CPU
		{D0186DC5-ECA5-4E51-BBE7-9AECC7086DB6}.Release|x86.ActiveCfg = Release|Any CPU
		{D0186DC5-ECA5-4E51-BBE7-9AECC7086DB6}.Release|x86.Build.0 = Release|Any CPU
		{65079F99-9F96-4DA9-84C9-CC8C67E02C65}.Debug|Any CPU.ActiveCfg = Debug|Any CPU
		{65079F99-9F96-4DA9-84C9-CC8C67E02C65}.Debug|Any CPU.Build.0 = Debug|Any CPU
		{65079F99-9F96-4DA9-84C9-CC8C67E02C65}.Debug|x64.ActiveCfg = Debug|Any CPU
		{65079F99-9F96-4DA9-84C9-CC8C67E02C65}.Debug|x64.Build.0 = Debug|Any CPU
		{65079F99-9F96-4DA9-84C9-CC8C67E02C65}.Debug|x86.ActiveCfg = Debug|Any CPU
		{65079F99-9F96-4DA9-84C9-CC8C67E02C65}.Debug|x86.Build.0 = Debug|Any CPU
		{65079F99-9F96-4DA9-84C9-CC8C67E02C65}.Release|Any CPU.ActiveCfg = Release|Any CPU
		{65079F99-9F96-4DA9-84C9-CC8C67E02C65}.Release|Any CPU.Build.0 = Release|Any CPU
		{65079F99-9F96-4DA9-84C9-CC8C67E02C65}.Release|x64.ActiveCfg = Release|Any CPU
		{65079F99-9F96-4DA9-84C9-CC8C67E02C65}.Release|x64.Build.0 = Release|Any CPU
		{65079F99-9F96-4DA9-84C9-CC8C67E02C65}.Release|x86.ActiveCfg = Release|Any CPU
		{65079F99-9F96-4DA9-84C9-CC8C67E02C65}.Release|x86.Build.0 = Release|Any CPU
		{51F248A8-76D3-4F94-BB74-B240E5A1CDF1}.Debug|Any CPU.ActiveCfg = Debug|Any CPU
		{51F248A8-76D3-4F94-BB74-B240E5A1CDF1}.Debug|Any CPU.Build.0 = Debug|Any CPU
		{51F248A8-76D3-4F94-BB74-B240E5A1CDF1}.Debug|x64.ActiveCfg = Debug|Any CPU
		{51F248A8-76D3-4F94-BB74-B240E5A1CDF1}.Debug|x64.Build.0 = Debug|Any CPU
		{51F248A8-76D3-4F94-BB74-B240E5A1CDF1}.Debug|x86.ActiveCfg = Debug|Any CPU
		{51F248A8-76D3-4F94-BB74-B240E5A1CDF1}.Debug|x86.Build.0 = Debug|Any CPU
		{51F248A8-76D3-4F94-BB74-B240E5A1CDF1}.Release|Any CPU.ActiveCfg = Release|Any CPU
		{51F248A8-76D3-4F94-BB74-B240E5A1CDF1}.Release|Any CPU.Build.0 = Release|Any CPU
		{51F248A8-76D3-4F94-BB74-B240E5A1CDF1}.Release|x64.ActiveCfg = Release|Any CPU
		{51F248A8-76D3-4F94-BB74-B240E5A1CDF1}.Release|x64.Build.0 = Release|Any CPU
		{51F248A8-76D3-4F94-BB74-B240E5A1CDF1}.Release|x86.ActiveCfg = Release|Any CPU
		{51F248A8-76D3-4F94-BB74-B240E5A1CDF1}.Release|x86.Build.0 = Release|Any CPU
	EndGlobalSection
	GlobalSection(SolutionProperties) = preSolution
		HideSolutionNode = FALSE
	EndGlobalSection
	GlobalSection(NestedProjects) = preSolution
		{E474734E-A050-4414-8B3F-364830D7E40C} = {3FB2A779-0CF7-4014-AFF3-AF1F1A199AB5}
		{6C9CC663-9C82-465D-BC5F-36EE3FB2BC93} = {3FB2A779-0CF7-4014-AFF3-AF1F1A199AB5}
		{8D30231E-0B08-4C86-930C-66485E38B6A5} = {3FB2A779-0CF7-4014-AFF3-AF1F1A199AB5}
		{0AF63B13-6D3A-4BF4-9B57-614B35399D80} = {3FB2A779-0CF7-4014-AFF3-AF1F1A199AB5}
		{36B270CD-1DAD-4361-9BE8-C3D966FDC929} = {3FB2A779-0CF7-4014-AFF3-AF1F1A199AB5}
		{516B0D18-B688-44AF-B288-92351DC11429} = {3FB2A779-0CF7-4014-AFF3-AF1F1A199AB5}
		{D0186DC5-ECA5-4E51-BBE7-9AECC7086DB6} = {3FB2A779-0CF7-4014-AFF3-AF1F1A199AB5}
		{65079F99-9F96-4DA9-84C9-CC8C67E02C65} = {3FB2A779-0CF7-4014-AFF3-AF1F1A199AB5}
		{51F248A8-76D3-4F94-BB74-B240E5A1CDF1} = {AB696C70-0E67-450C-B975-82DFC8CDD9A7}
	EndGlobalSection
	GlobalSection(ExtensibilityGlobals) = postSolution
		SolutionGuid = {403C0648-0E6D-4B0E-8B5E-A61BEAB5F530}
	EndGlobalSection
EndGlobal
