
Microsoft Visual Studio Solution File, Format Version 12.00
# Visual Studio 15
VisualStudioVersion = 15.0.26124.0
MinimumVisualStudioVersion = 15.0.26124.0
Project("{2150E333-8FDC-42A3-9474-1A3956D46DE8}") = "src", "src", "{3FB2A779-0CF7-4014-AFF3-AF1F1A199AB5}"
EndProject
Project("{2150E333-8FDC-42A3-9474-1A3956D46DE8}") = "test", "test", "{AB696C70-0E67-450C-B975-82DFC8CDD9A7}"
EndProject
Project("{9A19103F-16F7-4668-BE54-9A1E7A4F7556}") = "BlazorMaterial.Test", "test\BlazorMaterial.Test\BlazorMaterial.Test.csproj", "{1913D672-460F-44F7-9956-261DFA2E47C0}"
EndProject
Project("{9A19103F-16F7-4668-BE54-9A1E7A4F7556}") = "BlazorMaterial.Base", "src\BlazorMaterial.Base\BlazorMaterial.Base.csproj", "{E474734E-A050-4414-8B3F-364830D7E40C}"
EndProject
Project("{9A19103F-16F7-4668-BE54-9A1E7A4F7556}") = "BlazorMaterial.Ripple", "src\BlazorMaterial.Ripple\BlazorMaterial.Ripple.csproj", "{6C9CC663-9C82-465D-BC5F-36EE3FB2BC93}"
EndProject
Project("{9A19103F-16F7-4668-BE54-9A1E7A4F7556}") = "BlazorMaterial.Button", "src\BlazorMaterial.Button\BlazorMaterial.Button.csproj", "{8D30231E-0B08-4C86-930C-66485E38B6A5}"
EndProject
Project("{9A19103F-16F7-4668-BE54-9A1E7A4F7556}") = "BlazorMaterial.Toolbar", "src\BlazorMaterial.Toolbar\BlazorMaterial.Toolbar.csproj", "{AE7352ED-41BE-406D-8EC3-F199D87AD00A}"
EndProject
Project("{9A19103F-16F7-4668-BE54-9A1E7A4F7556}") = "BlazorMaterial.Theme", "src\BlazorMaterial.Theme\BlazorMaterial.Theme.csproj", "{0AF63B13-6D3A-4BF4-9B57-614B35399D80}"
EndProject
Project("{9A19103F-16F7-4668-BE54-9A1E7A4F7556}") = "BlazorMaterial.Typography", "src\BlazorMaterial.Typography\BlazorMaterial.Typography.csproj", "{36B270CD-1DAD-4361-9BE8-C3D966FDC929}"
EndProject
Global
	GlobalSection(SolutionConfigurationPlatforms) = preSolution
		Debug|Any CPU = Debug|Any CPU
		Debug|x64 = Debug|x64
		Debug|x86 = Debug|x86
		Release|Any CPU = Release|Any CPU
		Release|x64 = Release|x64
		Release|x86 = Release|x86
	EndGlobalSection
	GlobalSection(ProjectConfigurationPlatforms) = postSolution
		{1913D672-460F-44F7-9956-261DFA2E47C0}.Debug|Any CPU.ActiveCfg = Debug|Any CPU
		{1913D672-460F-44F7-9956-261DFA2E47C0}.Debug|Any CPU.Build.0 = Debug|Any CPU
		{1913D672-460F-44F7-9956-261DFA2E47C0}.Debug|x64.ActiveCfg = Debug|Any CPU
		{1913D672-460F-44F7-9956-261DFA2E47C0}.Debug|x64.Build.0 = Debug|Any CPU
		{1913D672-460F-44F7-9956-261DFA2E47C0}.Debug|x86.ActiveCfg = Debug|Any CPU
		{1913D672-460F-44F7-9956-261DFA2E47C0}.Debug|x86.Build.0 = Debug|Any CPU
		{1913D672-460F-44F7-9956-261DFA2E47C0}.Release|Any CPU.ActiveCfg = Release|Any CPU
		{1913D672-460F-44F7-9956-261DFA2E47C0}.Release|Any CPU.Build.0 = Release|Any CPU
		{1913D672-460F-44F7-9956-261DFA2E47C0}.Release|x64.ActiveCfg = Release|Any CPU
		{1913D672-460F-44F7-9956-261DFA2E47C0}.Release|x64.Build.0 = Release|Any CPU
		{1913D672-460F-44F7-9956-261DFA2E47C0}.Release|x86.ActiveCfg = Release|Any CPU
		{1913D672-460F-44F7-9956-261DFA2E47C0}.Release|x86.Build.0 = Release|Any CPU
		{E474734E-A050-4414-8B3F-364830D7E40C}.Debug|Any CPU.ActiveCfg = Debug|Any CPU
		{E474734E-A050-4414-8B3F-364830D7E40C}.Debug|Any CPU.Build.0 = Debug|Any CPU
		{E474734E-A050-4414-8B3F-364830D7E40C}.Debug|x64.ActiveCfg = Debug|Any CPU
		{E474734E-A050-4414-8B3F-364830D7E40C}.Debug|x64.Build.0 = Debug|Any CPU
		{E474734E-A050-4414-8B3F-364830D7E40C}.Debug|x86.ActiveCfg = Debug|Any CPU
		{E474734E-A050-4414-8B3F-364830D7E40C}.Debug|x86.Build.0 = Debug|Any CPU
		{E474734E-A050-4414-8B3F-364830D7E40C}.Release|Any CPU.ActiveCfg = Release|Any CPU
		{E474734E-A050-4414-8B3F-364830D7E40C}.Release|Any CPU.Build.0 = Release|Any CPU
		{E474734E-A050-4414-8B3F-364830D7E40C}.Release|x64.ActiveCfg = Release|Any CPU
		{E474734E-A050-4414-8B3F-364830D7E40C}.Release|x64.Build.0 = Release|Any CPU
		{E474734E-A050-4414-8B3F-364830D7E40C}.Release|x86.ActiveCfg = Release|Any CPU
		{E474734E-A050-4414-8B3F-364830D7E40C}.Release|x86.Build.0 = Release|Any CPU
		{6C9CC663-9C82-465D-BC5F-36EE3FB2BC93}.Debug|Any CPU.ActiveCfg = Debug|Any CPU
		{6C9CC663-9C82-465D-BC5F-36EE3FB2BC93}.Debug|Any CPU.Build.0 = Debug|Any CPU
		{6C9CC663-9C82-465D-BC5F-36EE3FB2BC93}.Debug|x64.ActiveCfg = Debug|Any CPU
		{6C9CC663-9C82-465D-BC5F-36EE3FB2BC93}.Debug|x64.Build.0 = Debug|Any CPU
		{6C9CC663-9C82-465D-BC5F-36EE3FB2BC93}.Debug|x86.ActiveCfg = Debug|Any CPU
		{6C9CC663-9C82-465D-BC5F-36EE3FB2BC93}.Debug|x86.Build.0 = Debug|Any CPU
		{6C9CC663-9C82-465D-BC5F-36EE3FB2BC93}.Release|Any CPU.ActiveCfg = Release|Any CPU
		{6C9CC663-9C82-465D-BC5F-36EE3FB2BC93}.Release|Any CPU.Build.0 = Release|Any CPU
		{6C9CC663-9C82-465D-BC5F-36EE3FB2BC93}.Release|x64.ActiveCfg = Release|Any CPU
		{6C9CC663-9C82-465D-BC5F-36EE3FB2BC93}.Release|x64.Build.0 = Release|Any CPU
		{6C9CC663-9C82-465D-BC5F-36EE3FB2BC93}.Release|x86.ActiveCfg = Release|Any CPU
		{6C9CC663-9C82-465D-BC5F-36EE3FB2BC93}.Release|x86.Build.0 = Release|Any CPU
		{8D30231E-0B08-4C86-930C-66485E38B6A5}.Debug|Any CPU.ActiveCfg = Debug|Any CPU
		{8D30231E-0B08-4C86-930C-66485E38B6A5}.Debug|Any CPU.Build.0 = Debug|Any CPU
		{8D30231E-0B08-4C86-930C-66485E38B6A5}.Debug|x64.ActiveCfg = Debug|Any CPU
		{8D30231E-0B08-4C86-930C-66485E38B6A5}.Debug|x64.Build.0 = Debug|Any CPU
		{8D30231E-0B08-4C86-930C-66485E38B6A5}.Debug|x86.ActiveCfg = Debug|Any CPU
		{8D30231E-0B08-4C86-930C-66485E38B6A5}.Debug|x86.Build.0 = Debug|Any CPU
		{8D30231E-0B08-4C86-930C-66485E38B6A5}.Release|Any CPU.ActiveCfg = Release|Any CPU
		{8D30231E-0B08-4C86-930C-66485E38B6A5}.Release|Any CPU.Build.0 = Release|Any CPU
		{8D30231E-0B08-4C86-930C-66485E38B6A5}.Release|x64.ActiveCfg = Release|Any CPU
		{8D30231E-0B08-4C86-930C-66485E38B6A5}.Release|x64.Build.0 = Release|Any CPU
		{8D30231E-0B08-4C86-930C-66485E38B6A5}.Release|x86.ActiveCfg = Release|Any CPU
		{8D30231E-0B08-4C86-930C-66485E38B6A5}.Release|x86.Build.0 = Release|Any CPU
		{AE7352ED-41BE-406D-8EC3-F199D87AD00A}.Debug|Any CPU.ActiveCfg = Debug|Any CPU
		{AE7352ED-41BE-406D-8EC3-F199D87AD00A}.Debug|Any CPU.Build.0 = Debug|Any CPU
		{AE7352ED-41BE-406D-8EC3-F199D87AD00A}.Debug|x64.ActiveCfg = Debug|Any CPU
		{AE7352ED-41BE-406D-8EC3-F199D87AD00A}.Debug|x64.Build.0 = Debug|Any CPU
		{AE7352ED-41BE-406D-8EC3-F199D87AD00A}.Debug|x86.ActiveCfg = Debug|Any CPU
		{AE7352ED-41BE-406D-8EC3-F199D87AD00A}.Debug|x86.Build.0 = Debug|Any CPU
		{AE7352ED-41BE-406D-8EC3-F199D87AD00A}.Release|Any CPU.ActiveCfg = Release|Any CPU
		{AE7352ED-41BE-406D-8EC3-F199D87AD00A}.Release|Any CPU.Build.0 = Release|Any CPU
		{AE7352ED-41BE-406D-8EC3-F199D87AD00A}.Release|x64.ActiveCfg = Release|Any CPU
		{AE7352ED-41BE-406D-8EC3-F199D87AD00A}.Release|x64.Build.0 = Release|Any CPU
		{AE7352ED-41BE-406D-8EC3-F199D87AD00A}.Release|x86.ActiveCfg = Release|Any CPU
		{AE7352ED-41BE-406D-8EC3-F199D87AD00A}.Release|x86.Build.0 = Release|Any CPU
		{0AF63B13-6D3A-4BF4-9B57-614B35399D80}.Debug|Any CPU.ActiveCfg = Debug|Any CPU
		{0AF63B13-6D3A-4BF4-9B57-614B35399D80}.Debug|Any CPU.Build.0 = Debug|Any CPU
		{0AF63B13-6D3A-4BF4-9B57-614B35399D80}.Debug|x64.ActiveCfg = Debug|Any CPU
		{0AF63B13-6D3A-4BF4-9B57-614B35399D80}.Debug|x64.Build.0 = Debug|Any CPU
		{0AF63B13-6D3A-4BF4-9B57-614B35399D80}.Debug|x86.ActiveCfg = Debug|Any CPU
		{0AF63B13-6D3A-4BF4-9B57-614B35399D80}.Debug|x86.Build.0 = Debug|Any CPU
		{0AF63B13-6D3A-4BF4-9B57-614B35399D80}.Release|Any CPU.ActiveCfg = Release|Any CPU
		{0AF63B13-6D3A-4BF4-9B57-614B35399D80}.Release|Any CPU.Build.0 = Release|Any CPU
		{0AF63B13-6D3A-4BF4-9B57-614B35399D80}.Release|x64.ActiveCfg = Release|Any CPU
		{0AF63B13-6D3A-4BF4-9B57-614B35399D80}.Release|x64.Build.0 = Release|Any CPU
		{0AF63B13-6D3A-4BF4-9B57-614B35399D80}.Release|x86.ActiveCfg = Release|Any CPU
		{0AF63B13-6D3A-4BF4-9B57-614B35399D80}.Release|x86.Build.0 = Release|Any CPU
		{36B270CD-1DAD-4361-9BE8-C3D966FDC929}.Debug|Any CPU.ActiveCfg = Debug|Any CPU
		{36B270CD-1DAD-4361-9BE8-C3D966FDC929}.Debug|Any CPU.Build.0 = Debug|Any CPU
		{36B270CD-1DAD-4361-9BE8-C3D966FDC929}.Debug|x64.ActiveCfg = Debug|Any CPU
		{36B270CD-1DAD-4361-9BE8-C3D966FDC929}.Debug|x64.Build.0 = Debug|Any CPU
		{36B270CD-1DAD-4361-9BE8-C3D966FDC929}.Debug|x86.ActiveCfg = Debug|Any CPU
		{36B270CD-1DAD-4361-9BE8-C3D966FDC929}.Debug|x86.Build.0 = Debug|Any CPU
		{36B270CD-1DAD-4361-9BE8-C3D966FDC929}.Release|Any CPU.ActiveCfg = Release|Any CPU
		{36B270CD-1DAD-4361-9BE8-C3D966FDC929}.Release|Any CPU.Build.0 = Release|Any CPU
		{36B270CD-1DAD-4361-9BE8-C3D966FDC929}.Release|x64.ActiveCfg = Release|Any CPU
		{36B270CD-1DAD-4361-9BE8-C3D966FDC929}.Release|x64.Build.0 = Release|Any CPU
		{36B270CD-1DAD-4361-9BE8-C3D966FDC929}.Release|x86.ActiveCfg = Release|Any CPU
		{36B270CD-1DAD-4361-9BE8-C3D966FDC929}.Release|x86.Build.0 = Release|Any CPU
	EndGlobalSection
	GlobalSection(SolutionProperties) = preSolution
		HideSolutionNode = FALSE
	EndGlobalSection
	GlobalSection(NestedProjects) = preSolution
		{1913D672-460F-44F7-9956-261DFA2E47C0} = {AB696C70-0E67-450C-B975-82DFC8CDD9A7}
		{E474734E-A050-4414-8B3F-364830D7E40C} = {3FB2A779-0CF7-4014-AFF3-AF1F1A199AB5}
		{6C9CC663-9C82-465D-BC5F-36EE3FB2BC93} = {3FB2A779-0CF7-4014-AFF3-AF1F1A199AB5}
		{8D30231E-0B08-4C86-930C-66485E38B6A5} = {3FB2A779-0CF7-4014-AFF3-AF1F1A199AB5}
		{AE7352ED-41BE-406D-8EC3-F199D87AD00A} = {3FB2A779-0CF7-4014-AFF3-AF1F1A199AB5}
		{0AF63B13-6D3A-4BF4-9B57-614B35399D80} = {3FB2A779-0CF7-4014-AFF3-AF1F1A199AB5}
		{36B270CD-1DAD-4361-9BE8-C3D966FDC929} = {3FB2A779-0CF7-4014-AFF3-AF1F1A199AB5}
	EndGlobalSection
	GlobalSection(ExtensibilityGlobals) = postSolution
		SolutionGuid = {403C0648-0E6D-4B0E-8B5E-A61BEAB5F530}
	EndGlobalSection
EndGlobal
